
Microsoft Visual Studio Solution File, Format Version 12.00
# Visual Studio Version 17
VisualStudioVersion = 17.12.35527.113
MinimumVisualStudioVersion = 10.0.40219.1
Project("{FAE04EC0-301F-11D3-BF4B-00C04F79EFBC}") = "SpotifyP21", "SpotifyP21\SpotifyP21.csproj", "{F93BDD7C-CD72-4A82-94F7-6EBC890AD97D}"
EndProject
Project("{FAE04EC0-301F-11D3-BF4B-00C04F79EFBC}") = "ConsoleClientApp", "ConsoleClientApp\ConsoleClientApp.csproj", "{B552BFED-26A8-4581-A927-6E09EC5D2A2F}"
EndProject
Global
	GlobalSection(SolutionConfigurationPlatforms) = preSolution
		Debug|Any CPU = Debug|Any CPU
		Release|Any CPU = Release|Any CPU
	EndGlobalSection
	GlobalSection(ProjectConfigurationPlatforms) = postSolution
		{F93BDD7C-CD72-4A82-94F7-6EBC890AD97D}.Debug|Any CPU.ActiveCfg = Debug|Any CPU
		{F93BDD7C-CD72-4A82-94F7-6EBC890AD97D}.Debug|Any CPU.Build.0 = Debug|Any CPU
		{F93BDD7C-CD72-4A82-94F7-6EBC890AD97D}.Release|Any CPU.ActiveCfg = Release|Any CPU
		{F93BDD7C-CD72-4A82-94F7-6EBC890AD97D}.Release|Any CPU.Build.0 = Release|Any CPU
		{B552BFED-26A8-4581-A927-6E09EC5D2A2F}.Debug|Any CPU.ActiveCfg = Debug|Any CPU
		{B552BFED-26A8-4581-A927-6E09EC5D2A2F}.Debug|Any CPU.Build.0 = Debug|Any CPU
		{B552BFED-26A8-4581-A927-6E09EC5D2A2F}.Release|Any CPU.ActiveCfg = Release|Any CPU
		{B552BFED-26A8-4581-A927-6E09EC5D2A2F}.Release|Any CPU.Build.0 = Release|Any CPU
	EndGlobalSection
	GlobalSection(SolutionProperties) = preSolution
		HideSolutionNode = FALSE
	EndGlobalSection
EndGlobal
